
Microsoft Visual Studio Solution File, Format Version 11.00
# Visual Studio 2010
Project("{FAE04EC0-301F-11D3-BF4B-00C04F79EFBC}") = "Assembly-CSharp", "Assembly-CSharp.csproj", "{6BE77C5F-732E-21CF-FE0F-871BCE23A44E}"
EndProject
Project("{FAE04EC0-301F-11D3-BF4B-00C04F79EFBC}") = "Assembly-CSharp-Editor", "Assembly-CSharp-Editor.csproj", "{46182D65-4A4C-8B21-5952-CD7615468CD7}"
EndProject
Global
	GlobalSection(SolutionConfigurationPlatforms) = preSolution
		Debug|Any CPU = Debug|Any CPU
		Release|Any CPU = Release|Any CPU
	EndGlobalSection
	GlobalSection(ProjectConfigurationPlatforms) = postSolution
		{6BE77C5F-732E-21CF-FE0F-871BCE23A44E}.Debug|Any CPU.ActiveCfg = Debug|Any CPU
		{6BE77C5F-732E-21CF-FE0F-871BCE23A44E}.Debug|Any CPU.Build.0 = Debug|Any CPU
		{6BE77C5F-732E-21CF-FE0F-871BCE23A44E}.Release|Any CPU.ActiveCfg = Release|Any CPU
		{6BE77C5F-732E-21CF-FE0F-871BCE23A44E}.Release|Any CPU.Build.0 = Release|Any CPU
		{46182D65-4A4C-8B21-5952-CD7615468CD7}.Debug|Any CPU.ActiveCfg = Debug|Any CPU
		{46182D65-4A4C-8B21-5952-CD7615468CD7}.Debug|Any CPU.Build.0 = Debug|Any CPU
		{46182D65-4A4C-8B21-5952-CD7615468CD7}.Release|Any CPU.ActiveCfg = Release|Any CPU
		{46182D65-4A4C-8B21-5952-CD7615468CD7}.Release|Any CPU.Build.0 = Release|Any CPU
	EndGlobalSection
	GlobalSection(SolutionProperties) = preSolution
		HideSolutionNode = FALSE
	EndGlobalSection
	GlobalSection(MonoDevelopProperties) = preSolution
		StartupItem = Assembly-CSharp.csproj
	EndGlobalSection
EndGlobal
